data/all_amended_fasta
data/assembled/ecuador_intermediate_summary.csv
data/assembled/ecuador_intermediate_audit.csv
data/assembled/ecuador_intermediate_issues.csv
data/assembled/ecuador_intermediate_sequences.fasta
data/assembled/ecuador_intermediate_per_sample
data/exports/H5N1_EC.fasta
data/exports/H5N1_EC_summary.csv
data/exports/H5N1_context.fasta
data/exports/H5N1_context_summary.csv
data/final/H5N1_final.fasta
data/phylogeny/by_segment
data/phylogeny/by_segment_summary.csv
results/phylogeny/raxml/PB2/H5N1_PB2.raxml.supportFBP
results/phylogeny/raxml/PB1/H5N1_PB1.raxml.supportFBP
results/phylogeny/raxml/PA/H5N1_PA.raxml.supportFBP
results/phylogeny/raxml/HA/H5N1_HA.raxml.supportFBP
results/phylogeny/raxml/NP/H5N1_NP.raxml.supportFBP
results/phylogeny/raxml/NA/H5N1_NA.raxml.supportFBP
results/phylogeny/raxml/MP/H5N1_MP.raxml.supportFBP
results/phylogeny/raxml/NS/H5N1_NS.raxml.supportFBP
../run1/amended_consensus.fasta
../run10/amended_consensus.fasta
../run12/amended_consensus.fasta
../run17/amended_consensus.fasta
../run2/amended_consensus.fasta
../run20/amended_consensus.fasta
../run21/amended_consensus.fasta
../run22/amended_consensus.fasta
../run23/amended_consensus.fasta
../run24/amended_consensus.fasta
../run25/amended_consensus.fasta
../run26/amended_consensus.fasta
../run3/amended_consensus.fasta
../run8/amended_consensus.fasta
../run9/amended_consensus.fasta
../run_agro/amended_consensus.fasta
config/flu_filtrado.csv
data/assembled/ecuador_intermediate_per_sample
data/assembled/ecuador_intermediate_audit.csv
config/flu_filtrado.csv
data/exports/H5N1_EC.fasta
config/final_metadata_50_per_country_isolates.tsv
data/final/H5N1_final.fasta
data/phylogeny/aligned/H5N1_PB2.mafft
data/phylogeny/by_segment/H5N1_PB2.fasta
data/phylogeny/aligned/H5N1_PB1.mafft
data/phylogeny/by_segment/H5N1_PB1.fasta
data/phylogeny/aligned/H5N1_PA.mafft
data/phylogeny/by_segment/H5N1_PA.fasta
data/phylogeny/aligned/H5N1_HA.mafft
data/phylogeny/by_segment/H5N1_HA.fasta
data/phylogeny/aligned/H5N1_NP.mafft
data/phylogeny/by_segment/H5N1_NP.fasta
data/phylogeny/aligned/H5N1_NA.mafft
data/phylogeny/by_segment/H5N1_NA.fasta
data/phylogeny/aligned/H5N1_MP.mafft
data/phylogeny/by_segment/H5N1_MP.fasta
data/phylogeny/aligned/H5N1_NS.mafft
data/phylogeny/by_segment/H5N1_NS.fasta
