data/phylogeny/aligned/H5N1_MP.mafft
data/phylogeny/by_segment
data/phylogeny/by_segment_summary.csv
results/phylogeny/raxml/NS/H5N1_NS.raxml.bestTreeCollapsed
results/phylogeny/raxml/NS/H5N1_NS.raxml.supportFBP
results/phylogeny/raxml/NS/H5N1_NS.raxml.supportTBE
results/phylogeny/raxml/PB2/H5N1_PB2.raxml.bestTreeCollapsed
results/phylogeny/raxml/PB2/H5N1_PB2.raxml.supportFBP
results/phylogeny/raxml/PB2/H5N1_PB2.raxml.supportTBE
data/phylogeny/aligned/H5N1_PB2.mafft
results/phylogeny/raxml/PB1/H5N1_PB1.raxml.bestTreeCollapsed
results/phylogeny/raxml/PB1/H5N1_PB1.raxml.supportFBP
results/phylogeny/raxml/PB1/H5N1_PB1.raxml.supportTBE
data/phylogeny/aligned/H5N1_PB1.mafft
results/phylogeny/raxml/PA/H5N1_PA.raxml.bestTreeCollapsed
results/phylogeny/raxml/PA/H5N1_PA.raxml.supportFBP
results/phylogeny/raxml/PA/H5N1_PA.raxml.supportTBE
data/phylogeny/aligned/H5N1_PA.mafft
results/phylogeny/raxml/HA/H5N1_HA.raxml.bestTreeCollapsed
results/phylogeny/raxml/HA/H5N1_HA.raxml.supportFBP
results/phylogeny/raxml/HA/H5N1_HA.raxml.supportTBE
data/all_amended_fasta
data/assembled/ecuador_intermediate_raw_segments.csv
data/assembled/ecuador_intermediate_expected_lengths.csv
data/assembled/ecuador_intermediate_summary.csv
data/assembled/ecuador_intermediate_audit.csv
data/assembled/ecuador_intermediate_issues.csv
data/assembled/ecuador_intermediate_sequences.fasta
data/assembled/ecuador_intermediate_per_sample
data/phylogeny/aligned/H5N1_HA.mafft
results/phylogeny/raxml/NP/H5N1_NP.raxml.bestTreeCollapsed
results/phylogeny/raxml/NP/H5N1_NP.raxml.supportFBP
results/phylogeny/raxml/NP/H5N1_NP.raxml.supportTBE
data/exports/H5N1_EC.fasta
data/exports/H5N1_EC_summary.csv
data/phylogeny/aligned/H5N1_NP.mafft
data/phylogeny/aligned/H5N1_NS.mafft
results/phylogeny/raxml/NA/H5N1_NA.raxml.bestTreeCollapsed
results/phylogeny/raxml/NA/H5N1_NA.raxml.supportFBP
results/phylogeny/raxml/NA/H5N1_NA.raxml.supportTBE
data/exports/H5N1_context.fasta
data/exports/H5N1_context_summary.csv
data/final/H5N1_final.fasta
data/phylogeny/aligned/H5N1_NA.mafft
results/phylogeny/raxml/MP/H5N1_MP.raxml.bestTreeCollapsed
results/phylogeny/raxml/MP/H5N1_MP.raxml.supportFBP
results/phylogeny/raxml/MP/H5N1_MP.raxml.supportTBE
